
Microsoft Visual Studio Solution File, Format Version 12.00
# Visual Studio 14
VisualStudioVersion = 14.0.25420.1
MinimumVisualStudioVersion = 10.0.40219.1
Project("{2150E333-8FDC-42A3-9474-1A3956D46DE8}") = "src", "src", "{FA4A07DF-B996-4ECF-96F4-0A1241558E79}"
EndProject
Project("{2150E333-8FDC-42A3-9474-1A3956D46DE8}") = "Solution Items", "Solution Items", "{2316AC34-0440-4060-B057-CE3EC0116FB8}"
	ProjectSection(SolutionItems) = preProject
		global.json = global.json
	EndProjectSection
EndProject
Project("{8BB2217D-0F2D-49D1-97BC-3654ED321F3B}") = "CarsInfoWeb", "src\CarsInfoWeb\CarsInfoWeb.xproj", "{98D84624-104E-42FA-A225-15886EB4DBEF}"
EndProject
Global
	GlobalSection(SolutionConfigurationPlatforms) = preSolution
		Debug|Any CPU = Debug|Any CPU
		Release|Any CPU = Release|Any CPU
	EndGlobalSection
	GlobalSection(ProjectConfigurationPlatforms) = postSolution
		{98D84624-104E-42FA-A225-15886EB4DBEF}.Debug|Any CPU.ActiveCfg = Debug|Any CPU
		{98D84624-104E-42FA-A225-15886EB4DBEF}.Debug|Any CPU.Build.0 = Debug|Any CPU
		{98D84624-104E-42FA-A225-15886EB4DBEF}.Release|Any CPU.ActiveCfg = Release|Any CPU
		{98D84624-104E-42FA-A225-15886EB4DBEF}.Release|Any CPU.Build.0 = Release|Any CPU
	EndGlobalSection
	GlobalSection(SolutionProperties) = preSolution
		HideSolutionNode = FALSE
	EndGlobalSection
	GlobalSection(NestedProjects) = preSolution
		{98D84624-104E-42FA-A225-15886EB4DBEF} = {FA4A07DF-B996-4ECF-96F4-0A1241558E79}
	EndGlobalSection
EndGlobal
